
Microsoft Visual Studio Solution File, Format Version 12.00
# Visual Studio 2013
VisualStudioVersion = 12.0.21005.1
MinimumVisualStudioVersion = 10.0.40219.1
Project("{FAE04EC0-301F-11D3-BF4B-00C04F79EFBC}") = "PinnacleWrapper", "PinnacleWrapper.csproj", "{49CCCA7D-98C3-44BA-94F6-45DA4AFF7886}"
EndProject
Project("{FAE04EC0-301F-11D3-BF4B-00C04F79EFBC}") = "TESTER", "..\TESTER\TESTER.csproj", "{354479D2-AD27-4DE2-AD98-695298C42E19}"
EndProject
Global
	GlobalSection(SolutionConfigurationPlatforms) = preSolution
		Debug|Any CPU = Debug|Any CPU
		Release|Any CPU = Release|Any CPU
	EndGlobalSection
	GlobalSection(ProjectConfigurationPlatforms) = postSolution
		{49CCCA7D-98C3-44BA-94F6-45DA4AFF7886}.Debug|Any CPU.ActiveCfg = Debug|Any CPU
		{49CCCA7D-98C3-44BA-94F6-45DA4AFF7886}.Debug|Any CPU.Build.0 = Debug|Any CPU
		{49CCCA7D-98C3-44BA-94F6-45DA4AFF7886}.Release|Any CPU.ActiveCfg = Release|Any CPU
		{49CCCA7D-98C3-44BA-94F6-45DA4AFF7886}.Release|Any CPU.Build.0 = Release|Any CPU
		{354479D2-AD27-4DE2-AD98-695298C42E19}.Debug|Any CPU.ActiveCfg = Debug|Any CPU
		{354479D2-AD27-4DE2-AD98-695298C42E19}.Debug|Any CPU.Build.0 = Debug|Any CPU
		{354479D2-AD27-4DE2-AD98-695298C42E19}.Release|Any CPU.ActiveCfg = Release|Any CPU
		{354479D2-AD27-4DE2-AD98-695298C42E19}.Release|Any CPU.Build.0 = Release|Any CPU
	EndGlobalSection
	GlobalSection(SolutionProperties) = preSolution
		HideSolutionNode = FALSE
	EndGlobalSection
EndGlobal
